# This file was autogenerated by Stack.
# You should not edit this file by hand.
# For more information, please see the documentation at:
#   https://docs.haskellstack.org/en/stable/lock_files

packages:
- completed:
    hackage: pairing-1.1.0@sha256:3082ceef0e970114202675b565bf015e01186b01c9a722b0bdfc75475fecb9ce,5270
    pantry-tree:
      sha256: 89348e8838bd4a34d9b9997c24cee19ac966711c36f30b5dcf0920455d0cab52
      size: 1750
  original:
    hackage: pairing-1.1.0
- completed:
    hackage: elliptic-curve-0.3.0@sha256:7d314ff56011de62370bdd1b840866d1e5ce061972e54be673f5768cbf8d3d42,7072
    pantry-tree:
      sha256: 650191792bfc8b119e8a0ab1103383ddfa395ed692573519c27cc3d198089cb5
      size: 9500
  original:
    hackage: elliptic-curve-0.3.0@sha256:7d314ff56011de62370bdd1b840866d1e5ce061972e54be673f5768cbf8d3d42,7072
- completed:
    hackage: galois-field-1.0.2@sha256:1f7d31836da8553caf50682e9e0d7cb7edf2146bafb67bed1b6b68031278bbaf,4876
    pantry-tree:
      sha256: b0c9ff182961bc0d8972f43755fab68b0a7eed558a65872e21398698e66189aa
      size: 1451
  original:
    hackage: galois-field-1.0.2@sha256:1f7d31836da8553caf50682e9e0d7cb7edf2146bafb67bed1b6b68031278bbaf,4876
- completed:
    hackage: groups-0.4.1.0@sha256:019c80b002e2df85e0f047206f6ab7a409f92e8fd0b9ba8150ed4c463585b6e7,600
    pantry-tree:
      sha256: cadf47d3d6ad9c3f5d4575c714b547388d66ae0b49f669bb62060885744c2477
      size: 207
  original:
    hackage: groups-0.4.1.0@sha256:019c80b002e2df85e0f047206f6ab7a409f92e8fd0b9ba8150ed4c463585b6e7,600
- completed:
    hackage: protolude-0.2.4@sha256:ec6c01be631050f8c1b9153a782d329a52609d058cb4b461104222862f7792af,2292
    pantry-tree:
      sha256: f16b5dec82649b23d3530f1bbc8e4c9e7618d70706052fe8c8ac9c8d19970126
      size: 1438
  original:
    hackage: protolude-0.2.4@sha256:ec6c01be631050f8c1b9153a782d329a52609d058cb4b461104222862f7792af,2292
- completed:
    hackage: poly-0.4.0.0@sha256:75c243113712745dab5d2f4a52643705e146473770af212f9e0ce3d87a83f2ed,2123
    pantry-tree:
      sha256: 06f435980848905d2bcf23b85782863b1608f7a78dbdaea42e33a2e865adf476
      size: 1896
  original:
    hackage: poly-0.4.0.0@sha256:75c243113712745dab5d2f4a52643705e146473770af212f9e0ce3d87a83f2ed,2123
snapshots:
- completed:
    sha256: 93a107557e8691ed5ca17beaee41e68222b142c48868fc8c04a4181fb233477d
    size: 587126
    url: https://raw.githubusercontent.com/commercialhaskell/stackage-snapshots/master/lts/18/8.yaml
  original: lts-18.8
